
Microsoft Visual Studio Solution File, Format Version 12.00
# Visual Studio Version 17
VisualStudioVersion = 17.11.35222.181
MinimumVisualStudioVersion = 10.0.40219.1
Project("{FAE04EC0-301F-11D3-BF4B-00C04F79EFBC}") = "LR_Projeto_Api", "LR_Projeto_Api.csproj", "{696979BA-CC7C-48FE-AB19-4396C57D1388}"
EndProject
Global
	GlobalSection(SolutionConfigurationPlatforms) = preSolution
		Debug|Any CPU = Debug|Any CPU
		Release|Any CPU = Release|Any CPU
	EndGlobalSection
	GlobalSection(ProjectConfigurationPlatforms) = postSolution
		{696979BA-CC7C-48FE-AB19-4396C57D1388}.Debug|Any CPU.ActiveCfg = Debug|Any CPU
		{696979BA-CC7C-48FE-AB19-4396C57D1388}.Debug|Any CPU.Build.0 = Debug|Any CPU
		{696979BA-CC7C-48FE-AB19-4396C57D1388}.Release|Any CPU.ActiveCfg = Release|Any CPU
		{696979BA-CC7C-48FE-AB19-4396C57D1388}.Release|Any CPU.Build.0 = Release|Any CPU
	EndGlobalSection
	GlobalSection(SolutionProperties) = preSolution
		HideSolutionNode = FALSE
	EndGlobalSection
	GlobalSection(ExtensibilityGlobals) = postSolution
		SolutionGuid = {2AF87F67-071A-441D-BDC2-9BDDD4C7EE15}
	EndGlobalSection
EndGlobal
